{
  "name": "agy-buzz-acp",
  "version": "0.5.10",
  "lockfileVersion": 3,
  "requires": true,
  "packages": {
    "": {
      "name": "agy-buzz-acp",
      "version": "0.5.10",
      "license": "MIT",
      "dependencies": {
        "fs-native-extensions": "1.5.1"
      },
      "bin": {
        "agy-buzz-acp": "bin/agy-buzz-acp.js",
        "agy-buzz-doctor": "bin/agy-buzz-doctor.js",
        "agy-buzz-manage": "bin/agy-buzz-manage.js",
        "agy-buzz-recover": "bin/agy-buzz-recover.js",
        "agy-buzz-steer-hook": "bin/agy-buzz-steer-hook.js"
      },
      "engines": {
        "node": ">=20"
      }
    },
    "node_modules/bare-addon-resolve": {
      "version": "1.10.1",
      "resolved": "https://registry.npmjs.org/bare-addon-resolve/-/bare-addon-resolve-1.10.1.tgz",
      "integrity": "sha512-F/SD2du8keuYSb4xipnGz5j2E6yhNdHA8ZVxtHae6h2uOrpBIjjbhXvjzKZbr5XUOzqBzh/i8GVFycj2DlFQIA==",
      "license": "Apache-2.0",
      "dependencies": {
        "bare-module-resolve": "^1.10.0",
        "bare-semver": "^1.0.0"
      },
      "peerDependencies": {
        "bare-url": "*"
      },
      "peerDependenciesMeta": {
        "bare-url": {
          "optional": true
        }
      }
    },
    "node_modules/bare-module-resolve": {
      "version": "1.12.5",
      "resolved": "https://registry.npmjs.org/bare-module-resolve/-/bare-module-resolve-1.12.5.tgz",
      "integrity": "sha512-VOncxVvVk8SQVw9vhcBnoTJD/74aR5DgdRPCm0gQ7uB5MsWpBJnoCeJrwEHKiz09O83ndf3NTjsz3LEuFxAq5A==",
      "license": "Apache-2.0",
      "dependencies": {
        "bare-semver": "^1.0.0"
      },
      "peerDependencies": {
        "bare-url": "*"
      },
      "peerDependenciesMeta": {
        "bare-url": {
          "optional": true
        }
      }
    },
    "node_modules/bare-semver": {
      "version": "1.1.0",
      "resolved": "https://registry.npmjs.org/bare-semver/-/bare-semver-1.1.0.tgz",
      "integrity": "sha512-1Hw5qJ7hXdVt3uPUqjeFTuxyvBUJauvz5A1I2jk8gzjZMHp04n//6nV9MDbG9CMw78JHY2lGV0w6s//LrASm2w==",
      "license": "Apache-2.0"
    },
    "node_modules/fs-native-extensions": {
      "version": "1.5.1",
      "resolved": "https://registry.npmjs.org/fs-native-extensions/-/fs-native-extensions-1.5.1.tgz",
      "integrity": "sha512-abjiHKkYdcH5M9ikBEJb0MKb/fEpPtZx/yfLHzTptvUAoiFayX0tIe0BTLBU4SAoRyjZLzA0dP1Rn2p0+QRyVg==",
      "license": "Apache-2.0",
      "dependencies": {
        "require-addon": "^1.1.0",
        "which-runtime": "^1.2.0"
      }
    },
    "node_modules/require-addon": {
      "version": "1.2.0",
      "resolved": "https://registry.npmjs.org/require-addon/-/require-addon-1.2.0.tgz",
      "integrity": "sha512-VNPDZlYgIYQwWp9jMTzljx+k0ZtatKlcvOhktZ/anNPI3dQ9NXk7cq2U4iJ1wd9IrytRnYhyEocFWbkdPb+MYA==",
      "license": "Apache-2.0",
      "dependencies": {
        "bare-addon-resolve": "^1.3.0"
      },
      "engines": {
        "bare": ">=1.10.0"
      }
    },
    "node_modules/which-runtime": {
      "version": "1.4.0",
      "resolved": "https://registry.npmjs.org/which-runtime/-/which-runtime-1.4.0.tgz",
      "integrity": "sha512-0ugbP4CJW4e2D20jvEcC4973dCgIaHI4Rw1PT+26U9zEve7FyYdWAIwUnoeOYvoCfn+wXHoHTKb1KhkYlb60Pw==",
      "license": "Apache-2.0"
    }
  }
}
